
Microsoft Visual Studio Solution File, Format Version 12.00
# Visual Studio Version 17
VisualStudioVersion = 17.0.31903.59
MinimumVisualStudioVersion = 10.0.40219.1
Project("{2150E333-8FDC-42A3-9474-1A3956D46DE8}") = "compression-lib", "compression-lib", "{02EA681E-C7D8-13C7-8484-4AC65E1B71E8}"
EndProject
Project("{2150E333-8FDC-42A3-9474-1A3956D46DE8}") = "test", "test", "{B6DE04AA-0FC3-4545-8DD5-3D268A97A390}"
EndProject
Project("{FAE04EC0-301F-11D3-BF4B-00C04F79EFBC}") = "compression-lib", "compression-lib\compression-lib.csproj", "{0CB61388-BC68-4D63-976F-7C680A919C1F}"
EndProject
Project("{FAE04EC0-301F-11D3-BF4B-00C04F79EFBC}") = "test", "test\test.csproj", "{B3575CDF-41FC-40BF-B888-327FA77D941D}"
EndProject
Global
	GlobalSection(SolutionConfigurationPlatforms) = preSolution
		Debug|Any CPU = Debug|Any CPU
		Release|Any CPU = Release|Any CPU
	EndGlobalSection
	GlobalSection(ProjectConfigurationPlatforms) = postSolution
		{0CB61388-BC68-4D63-976F-7C680A919C1F}.Debug|Any CPU.ActiveCfg = Debug|Any CPU
		{0CB61388-BC68-4D63-976F-7C680A919C1F}.Debug|Any CPU.Build.0 = Debug|Any CPU
		{0CB61388-BC68-4D63-976F-7C680A919C1F}.Release|Any CPU.ActiveCfg = Release|Any CPU
		{0CB61388-BC68-4D63-976F-7C680A919C1F}.Release|Any CPU.Build.0 = Release|Any CPU
		{B3575CDF-41FC-40BF-B888-327FA77D941D}.Debug|Any CPU.ActiveCfg = Debug|Any CPU
		{B3575CDF-41FC-40BF-B888-327FA77D941D}.Debug|Any CPU.Build.0 = Debug|Any CPU
		{B3575CDF-41FC-40BF-B888-327FA77D941D}.Release|Any CPU.ActiveCfg = Release|Any CPU
		{B3575CDF-41FC-40BF-B888-327FA77D941D}.Release|Any CPU.Build.0 = Release|Any CPU
	EndGlobalSection
	GlobalSection(SolutionProperties) = preSolution
		HideSolutionNode = FALSE
	EndGlobalSection
	GlobalSection(NestedProjects) = preSolution
		{0CB61388-BC68-4D63-976F-7C680A919C1F} = {02EA681E-C7D8-13C7-8484-4AC65E1B71E8}
		{B3575CDF-41FC-40BF-B888-327FA77D941D} = {B6DE04AA-0FC3-4545-8DD5-3D268A97A390}
	EndGlobalSection
	GlobalSection(ExtensibilityGlobals) = postSolution
		SolutionGuid = {E6DD50A0-5236-451C-82B0-C3ECF2474FC7}
	EndGlobalSection
EndGlobal
